
Microsoft Visual Studio Solution File, Format Version 12.00
# Visual Studio Version 17
VisualStudioVersion = 17.10.35122.118
MinimumVisualStudioVersion = 10.0.40219.1
Project("{FAE04EC0-301F-11D3-BF4B-00C04F79EFBC}") = "DataTypes_CA", "DataTypes_CA\DataTypes_CA.csproj", "{C36D9268-8BAF-4D17-AC6A-8A20C04ACC91}"
EndProject
Global
	GlobalSection(SolutionConfigurationPlatforms) = preSolution
		Debug|Any CPU = Debug|Any CPU
		Release|Any CPU = Release|Any CPU
	EndGlobalSection
	GlobalSection(ProjectConfigurationPlatforms) = postSolution
		{C36D9268-8BAF-4D17-AC6A-8A20C04ACC91}.Debug|Any CPU.ActiveCfg = Debug|Any CPU
		{C36D9268-8BAF-4D17-AC6A-8A20C04ACC91}.Debug|Any CPU.Build.0 = Debug|Any CPU
		{C36D9268-8BAF-4D17-AC6A-8A20C04ACC91}.Release|Any CPU.ActiveCfg = Release|Any CPU
		{C36D9268-8BAF-4D17-AC6A-8A20C04ACC91}.Release|Any CPU.Build.0 = Release|Any CPU
	EndGlobalSection
	GlobalSection(SolutionProperties) = preSolution
		HideSolutionNode = FALSE
	EndGlobalSection
	GlobalSection(ExtensibilityGlobals) = postSolution
		SolutionGuid = {3C7CD818-D890-48E8-8618-A9F6C9200211}
	EndGlobalSection
EndGlobal
